// !$*UTF8*$!
{
	archiveVersion = 1;
	classes = {
	};
	objectVersion = 56;
	objects = {

/* Begin PBXBuildFile section */
		BA01FCFF2AEB8CED00E0C2C6 /* ChatView.swift in Sources */ = {isa = PBXBuildFile; fileRef = BA01FCFE2AEB8CED00E0C2C6 /* ChatView.swift */; };
		BA51E40F2AD8DE8B00BBB788 /* MuunApp.swift in Sources */ = {isa = PBXBuildFile; fileRef = BA51E40E2AD8DE8B00BBB788 /* MuunApp.swift */; };
		BA51E4112AD8DE8B00BBB788 /* SignInView.swift in Sources */ = {isa = PBXBuildFile; fileRef = BA51E4102AD8DE8B00BBB788 /* SignInView.swift */; };
		BA51E4132AD8DE8C00BBB788 /* Assets.xcassets in Resources */ = {isa = PBXBuildFile; fileRef = BA51E4122AD8DE8C00BBB788 /* Assets.xcassets */; };
		BA51E4162AD8DE8C00BBB788 /* Preview Assets.xcassets in Resources */ = {isa = PBXBuildFile; fileRef = BA51E4152AD8DE8C00BBB788 /* Preview Assets.xcassets */; };
		BA51E41D2AD90F5A00BBB788 /* RegisterView.swift in Sources */ = {isa = PBXBuildFile; fileRef = BA51E41C2AD90F5A00BBB788 /* RegisterView.swift */; };
		BA51E41F2AD913DA00BBB788 /* RegisterBaby.swift in Sources */ = {isa = PBXBuildFile; fileRef = BA51E41E2AD913DA00BBB788 /* RegisterBaby.swift */; };
		BA51E4212AD922F100BBB788 /* ScreenView.swift in Sources */ = {isa = PBXBuildFile; fileRef = BA51E4202AD922F100BBB788 /* ScreenView.swift */; };
		BA51E4232AD9243600BBB788 /* PerfilMomView.swift in Sources */ = {isa = PBXBuildFile; fileRef = BA51E4222AD9243600BBB788 /* PerfilMomView.swift */; };
		BA51E4262AD9268200BBB788 /* MomData.swift in Sources */ = {isa = PBXBuildFile; fileRef = BA51E4252AD9268200BBB788 /* MomData.swift */; };
		BA64F0792AE2F756001E9462 /* AddTaskView.swift in Sources */ = {isa = PBXBuildFile; fileRef = BA64F0782AE2F756001E9462 /* AddTaskView.swift */; };
		BAA3C80C2AE1A752001F617E /* ToolbarView.swift in Sources */ = {isa = PBXBuildFile; fileRef = BAA3C80B2AE1A752001F617E /* ToolbarView.swift */; };
		BAA3C80E2AE1A8E8001F617E /* Tab.swift in Sources */ = {isa = PBXBuildFile; fileRef = BAA3C80D2AE1A8E8001F617E /* Tab.swift */; };
		BAA3C8102AE1E7E1001F617E /* MainPage.swift in Sources */ = {isa = PBXBuildFile; fileRef = BAA3C80F2AE1E7E1001F617E /* MainPage.swift */; };
		BAA3C8122AE1EF20001F617E /* LabelBaby.swift in Sources */ = {isa = PBXBuildFile; fileRef = BAA3C8112AE1EF20001F617E /* LabelBaby.swift */; };
		BAA3C8142AE1EF51001F617E /* BabyData.swift in Sources */ = {isa = PBXBuildFile; fileRef = BAA3C8132AE1EF51001F617E /* BabyData.swift */; };
		BAA3C8162AE2551C001F617E /* Task.swift in Sources */ = {isa = PBXBuildFile; fileRef = BAA3C8152AE2551C001F617E /* Task.swift */; };
		BAA3C8192AE2554C001F617E /* TaskViewModel.swift in Sources */ = {isa = PBXBuildFile; fileRef = BAA3C8182AE2554C001F617E /* TaskViewModel.swift */; };
/* End PBXBuildFile section */

/* Begin PBXFileReference section */
		BA01FCFE2AEB8CED00E0C2C6 /* ChatView.swift */ = {isa = PBXFileReference; lastKnownFileType = sourcecode.swift; path = ChatView.swift; sourceTree = "<group>"; };
		BA51E40B2AD8DE8B00BBB788 /* Muun.app */ = {isa = PBXFileReference; explicitFileType = wrapper.application; includeInIndex = 0; path = Muun.app; sourceTree = BUILT_PRODUCTS_DIR; };
		BA51E40E2AD8DE8B00BBB788 /* MuunApp.swift */ = {isa = PBXFileReference; lastKnownFileType = sourcecode.swift; path = MuunApp.swift; sourceTree = "<group>"; };
		BA51E4102AD8DE8B00BBB788 /* SignInView.swift */ = {isa = PBXFileReference; lastKnownFileType = sourcecode.swift; path = SignInView.swift; sourceTree = "<group>"; usesTabs = 0; };
		BA51E4122AD8DE8C00BBB788 /* Assets.xcassets */ = {isa = PBXFileReference; lastKnownFileType = folder.assetcatalog; path = Assets.xcassets; sourceTree = "<group>"; };
		BA51E4152AD8DE8C00BBB788 /* Preview Assets.xcassets */ = {isa = PBXFileReference; lastKnownFileType = folder.assetcatalog; path = "Preview Assets.xcassets"; sourceTree = "<group>"; };
		BA51E41C2AD90F5A00BBB788 /* RegisterView.swift */ = {isa = PBXFileReference; lastKnownFileType = sourcecode.swift; path = RegisterView.swift; sourceTree = "<group>"; };
		BA51E41E2AD913DA00BBB788 /* RegisterBaby.swift */ = {isa = PBXFileReference; lastKnownFileType = sourcecode.swift; path = RegisterBaby.swift; sourceTree = "<group>"; };
		BA51E4202AD922F100BBB788 /* ScreenView.swift */ = {isa = PBXFileReference; lastKnownFileType = sourcecode.swift; path = ScreenView.swift; sourceTree = "<group>"; };
		BA51E4222AD9243600BBB788 /* PerfilMomView.swift */ = {isa = PBXFileReference; lastKnownFileType = sourcecode.swift; path = PerfilMomView.swift; sourceTree = "<group>"; };
		BA51E4252AD9268200BBB788 /* MomData.swift */ = {isa = PBXFileReference; lastKnownFileType = sourcecode.swift; path = MomData.swift; sourceTree = "<group>"; };
		BA64F0782AE2F756001E9462 /* AddTaskView.swift */ = {isa = PBXFileReference; lastKnownFileType = sourcecode.swift; path = AddTaskView.swift; sourceTree = "<group>"; };
		BAA3C80B2AE1A752001F617E /* ToolbarView.swift */ = {isa = PBXFileReference; lastKnownFileType = sourcecode.swift; path = ToolbarView.swift; sourceTree = "<group>"; };
		BAA3C80D2AE1A8E8001F617E /* Tab.swift */ = {isa = PBXFileReference; lastKnownFileType = sourcecode.swift; path = Tab.swift; sourceTree = "<group>"; };
		BAA3C80F2AE1E7E1001F617E /* MainPage.swift */ = {isa = PBXFileReference; lastKnownFileType = sourcecode.swift; path = MainPage.swift; sourceTree = "<group>"; };
		BAA3C8112AE1EF20001F617E /* LabelBaby.swift */ = {isa = PBXFileReference; lastKnownFileType = sourcecode.swift; path = LabelBaby.swift; sourceTree = "<group>"; };
		BAA3C8132AE1EF51001F617E /* BabyData.swift */ = {isa = PBXFileReference; lastKnownFileType = sourcecode.swift; path = BabyData.swift; sourceTree = "<group>"; };
		BAA3C8152AE2551C001F617E /* Task.swift */ = {isa = PBXFileReference; lastKnownFileType = sourcecode.swift; path = Task.swift; sourceTree = "<group>"; };
		BAA3C8182AE2554C001F617E /* TaskViewModel.swift */ = {isa = PBXFileReference; lastKnownFileType = sourcecode.swift; path = TaskViewModel.swift; sourceTree = "<group>"; };
/* End PBXFileReference section */

/* Begin PBXFrameworksBuildPhase section */
		BA51E4082AD8DE8B00BBB788 /* Frameworks */ = {
			isa = PBXFrameworksBuildPhase;
			buildActionMask = 2147483647;
			files = (
			);
			runOnlyForDeploymentPostprocessing = 0;
		};
/* End PBXFrameworksBuildPhase section */

/* Begin PBXGroup section */
		BA51E4022AD8DE8B00BBB788 = {
			isa = PBXGroup;
			children = (
				BA51E40D2AD8DE8B00BBB788 /* Muun */,
				BA51E40C2AD8DE8B00BBB788 /* Products */,
			);
			sourceTree = "<group>";
		};
		BA51E40C2AD8DE8B00BBB788 /* Products */ = {
			isa = PBXGroup;
			children = (
				BA51E40B2AD8DE8B00BBB788 /* Muun.app */,
			);
			name = Products;
			sourceTree = "<group>";
		};
		BA51E40D2AD8DE8B00BBB788 /* Muun */ = {
			isa = PBXGroup;
			children = (
				BA51E40E2AD8DE8B00BBB788 /* MuunApp.swift */,
				BAA3C80A2AE1A714001F617E /* ToolBar */,
				BAA3C8092AE1A709001F617E /* MainPage */,
				BA51E4102AD8DE8B00BBB788 /* SignInView.swift */,
				BA51E41C2AD90F5A00BBB788 /* RegisterView.swift */,
				BA51E41E2AD913DA00BBB788 /* RegisterBaby.swift */,
				BA01FCFE2AEB8CED00E0C2C6 /* ChatView.swift */,
				BA51E4222AD9243600BBB788 /* PerfilMomView.swift */,
				BA51E4202AD922F100BBB788 /* ScreenView.swift */,
				BAA3C8172AE25534001F617E /* ViewsModel */,
				BA51E4122AD8DE8C00BBB788 /* Assets.xcassets */,
				BA51E4242AD9266D00BBB788 /* Data */,
				BA51E4142AD8DE8C00BBB788 /* Preview Content */,
			);
			path = Muun;
			sourceTree = "<group>";
		};
		BA51E4142AD8DE8C00BBB788 /* Preview Content */ = {
			isa = PBXGroup;
			children = (
				BA51E4152AD8DE8C00BBB788 /* Preview Assets.xcassets */,
			);
			path = "Preview Content";
			sourceTree = "<group>";
		};
		BA51E4242AD9266D00BBB788 /* Data */ = {
			isa = PBXGroup;
			children = (
				BA51E4252AD9268200BBB788 /* MomData.swift */,
				BAA3C8132AE1EF51001F617E /* BabyData.swift */,
				BAA3C8152AE2551C001F617E /* Task.swift */,
			);
			path = Data;
			sourceTree = "<group>";
		};
		BAA3C8092AE1A709001F617E /* MainPage */ = {
			isa = PBXGroup;
			children = (
				BAA3C80F2AE1E7E1001F617E /* MainPage.swift */,
				BAA3C8112AE1EF20001F617E /* LabelBaby.swift */,
				BA64F0782AE2F756001E9462 /* AddTaskView.swift */,
			);
			path = MainPage;
			sourceTree = "<group>";
		};
		BAA3C80A2AE1A714001F617E /* ToolBar */ = {
			isa = PBXGroup;
			children = (
				BAA3C80B2AE1A752001F617E /* ToolbarView.swift */,
				BAA3C80D2AE1A8E8001F617E /* Tab.swift */,
			);
			path = ToolBar;
			sourceTree = "<group>";
		};
		BAA3C8172AE25534001F617E /* ViewsModel */ = {
			isa = PBXGroup;
			children = (
				BAA3C8182AE2554C001F617E /* TaskViewModel.swift */,
			);
			path = ViewsModel;
			sourceTree = "<group>";
		};
/* End PBXGroup section */

/* Begin PBXNativeTarget section */
		BA51E40A2AD8DE8B00BBB788 /* Muun */ = {
			isa = PBXNativeTarget;
			buildConfigurationList = BA51E4192AD8DE8C00BBB788 /* Build configuration list for PBXNativeTarget "Muun" */;
			buildPhases = (
				BA51E4072AD8DE8B00BBB788 /* Sources */,
				BA51E4082AD8DE8B00BBB788 /* Frameworks */,
				BA51E4092AD8DE8B00BBB788 /* Resources */,
			);
			buildRules = (
			);
			dependencies = (
			);
			name = Muun;
			productName = Muun;
			productReference = BA51E40B2AD8DE8B00BBB788 /* Muun.app */;
			productType = "com.apple.product-type.application";
		};
/* End PBXNativeTarget section */

/* Begin PBXProject section */
		BA51E4032AD8DE8B00BBB788 /* Project object */ = {
			isa = PBXProject;
			attributes = {
				BuildIndependentTargetsInParallel = 1;
				LastSwiftUpdateCheck = 1500;
				LastUpgradeCheck = 1500;
				TargetAttributes = {
					BA51E40A2AD8DE8B00BBB788 = {
						CreatedOnToolsVersion = 15.0;
					};
				};
			};
			buildConfigurationList = BA51E4062AD8DE8B00BBB788 /* Build configuration list for PBXProject "Muun" */;
			compatibilityVersion = "Xcode 14.0";
			developmentRegion = en;
			hasScannedForEncodings = 0;
			knownRegions = (
				en,
				Base,
			);
			mainGroup = BA51E4022AD8DE8B00BBB788;
			productRefGroup = BA51E40C2AD8DE8B00BBB788 /* Products */;
			projectDirPath = "";
			projectRoot = "";
			targets = (
				BA51E40A2AD8DE8B00BBB788 /* Muun */,
			);
		};
/* End PBXProject section */

/* Begin PBXResourcesBuildPhase section */
		BA51E4092AD8DE8B00BBB788 /* Resources */ = {
			isa = PBXResourcesBuildPhase;
			buildActionMask = 2147483647;
			files = (
				BA51E4162AD8DE8C00BBB788 /* Preview Assets.xcassets in Resources */,
				BA51E4132AD8DE8C00BBB788 /* Assets.xcassets in Resources */,
			);
			runOnlyForDeploymentPostprocessing = 0;
		};
/* End PBXResourcesBuildPhase section */

/* Begin PBXSourcesBuildPhase section */
		BA51E4072AD8DE8B00BBB788 /* Sources */ = {
			isa = PBXSourcesBuildPhase;
			buildActionMask = 2147483647;
			files = (
				BA51E4232AD9243600BBB788 /* PerfilMomView.swift in Sources */,
				BAA3C8192AE2554C001F617E /* TaskViewModel.swift in Sources */,
				BA51E41F2AD913DA00BBB788 /* RegisterBaby.swift in Sources */,
				BAA3C8122AE1EF20001F617E /* LabelBaby.swift in Sources */,
				BA01FCFF2AEB8CED00E0C2C6 /* ChatView.swift in Sources */,
				BAA3C80C2AE1A752001F617E /* ToolbarView.swift in Sources */,
				BA51E41D2AD90F5A00BBB788 /* RegisterView.swift in Sources */,
				BA64F0792AE2F756001E9462 /* AddTaskView.swift in Sources */,
				BAA3C8102AE1E7E1001F617E /* MainPage.swift in Sources */,
				BA51E4112AD8DE8B00BBB788 /* SignInView.swift in Sources */,
				BAA3C8142AE1EF51001F617E /* BabyData.swift in Sources */,
				BAA3C8162AE2551C001F617E /* Task.swift in Sources */,
				BA51E40F2AD8DE8B00BBB788 /* MuunApp.swift in Sources */,
				BAA3C80E2AE1A8E8001F617E /* Tab.swift in Sources */,
				BA51E4212AD922F100BBB788 /* ScreenView.swift in Sources */,
				BA51E4262AD9268200BBB788 /* MomData.swift in Sources */,
			);
			runOnlyForDeploymentPostprocessing = 0;
		};
/* End PBXSourcesBuildPhase section */

/* Begin XCBuildConfiguration section */
		BA51E4172AD8DE8C00BBB788 /* Debug */ = {
			isa = XCBuildConfiguration;
			buildSettings = {
				ALWAYS_SEARCH_USER_PATHS = NO;
				ASSETCATALOG_COMPILER_GENERATE_SWIFT_ASSET_SYMBOL_EXTENSIONS = YES;
				CLANG_ANALYZER_NONNULL = YES;
				CLANG_ANALYZER_NUMBER_OBJECT_CONVERSION = YES_AGGRESSIVE;
				CLANG_CXX_LANGUAGE_STANDARD = "gnu++20";
				CLANG_ENABLE_MODULES = YES;
				CLANG_ENABLE_OBJC_ARC = YES;
				CLANG_ENABLE_OBJC_WEAK = YES;
				CLANG_WARN_BLOCK_CAPTURE_AUTORELEASING = YES;
				CLANG_WARN_BOOL_CONVERSION = YES;
				CLANG_WARN_COMMA = YES;
				CLANG_WARN_CONSTANT_CONVERSION = YES;
				CLANG_WARN_DEPRECATED_OBJC_IMPLEMENTATIONS = YES;
				CLANG_WARN_DIRECT_OBJC_ISA_USAGE = YES_ERROR;
				CLANG_WARN_DOCUMENTATION_COMMENTS = YES;
				CLANG_WARN_EMPTY_BODY = YES;
				CLANG_WARN_ENUM_CONVERSION = YES;
				CLANG_WARN_INFINITE_RECURSION = YES;
				CLANG_WARN_INT_CONVERSION = YES;
				CLANG_WARN_NON_LITERAL_NULL_CONVERSION = YES;
				CLANG_WARN_OBJC_IMPLICIT_RETAIN_SELF = YES;
				CLANG_WARN_OBJC_LITERAL_CONVERSION = YES;
				CLANG_WARN_OBJC_ROOT_CLASS = YES_ERROR;
				CLANG_WARN_QUOTED_INCLUDE_IN_FRAMEWORK_HEADER = YES;
				CLANG_WARN_RANGE_LOOP_ANALYSIS = YES;
				CLANG_WARN_STRICT_PROTOTYPES = YES;
				CLANG_WARN_SUSPICIOUS_MOVE = YES;
				CLANG_WARN_UNGUARDED_AVAILABILITY = YES_AGGRESSIVE;
				CLANG_WARN_UNREACHABLE_CODE = YES;
				CLANG_WARN__DUPLICATE_METHOD_MATCH = YES;
				COPY_PHASE_STRIP = NO;
				DEBUG_INFORMATION_FORMAT = dwarf;
				ENABLE_STRICT_OBJC_MSGSEND = YES;
				ENABLE_TESTABILITY = YES;
				ENABLE_USER_SCRIPT_SANDBOXING = YES;
				GCC_C_LANGUAGE_STANDARD = gnu17;
				GCC_DYNAMIC_NO_PIC = NO;
				GCC_NO_COMMON_BLOCKS = YES;
				GCC_OPTIMIZATION_LEVEL = 0;
				GCC_PREPROCESSOR_DEFINITIONS = (
					"DEBUG=1",
					"$(inherited)",
				);
				GCC_WARN_64_TO_32_BIT_CONVERSION = YES;
				GCC_WARN_ABOUT_RETURN_TYPE = YES_ERROR;
				GCC_WARN_UNDECLARED_SELECTOR = YES;
				GCC_WARN_UNINITIALIZED_AUTOS = YES_AGGRESSIVE;
				GCC_WARN_UNUSED_FUNCTION = YES;
				GCC_WARN_UNUSED_VARIABLE = YES;
				IPHONEOS_DEPLOYMENT_TARGET = 17.0;
				LOCALIZATION_PREFERS_STRING_CATALOGS = YES;
				MTL_ENABLE_DEBUG_INFO = INCLUDE_SOURCE;
				MTL_FAST_MATH = YES;
				ONLY_ACTIVE_ARCH = YES;
				SDKROOT = iphoneos;
				SWIFT_ACTIVE_COMPILATION_CONDITIONS = "DEBUG $(inherited)";
				SWIFT_OPTIMIZATION_LEVEL = "-Onone";
			};
			name = Debug;
		};
		BA51E4182AD8DE8C00BBB788 /* Release */ = {
			isa = XCBuildConfiguration;
			buildSettings = {
				ALWAYS_SEARCH_USER_PATHS = NO;
				ASSETCATALOG_COMPILER_GENERATE_SWIFT_ASSET_SYMBOL_EXTENSIONS = YES;
				CLANG_ANALYZER_NONNULL = YES;
				CLANG_ANALYZER_NUMBER_OBJECT_CONVERSION = YES_AGGRESSIVE;
				CLANG_CXX_LANGUAGE_STANDARD = "gnu++20";
				CLANG_ENABLE_MODULES = YES;
				CLANG_ENABLE_OBJC_ARC = YES;
				CLANG_ENABLE_OBJC_WEAK = YES;
				CLANG_WARN_BLOCK_CAPTURE_AUTORELEASING = YES;
				CLANG_WARN_BOOL_CONVERSION = YES;
				CLANG_WARN_COMMA = YES;
				CLANG_WARN_CONSTANT_CONVERSION = YES;
				CLANG_WARN_DEPRECATED_OBJC_IMPLEMENTATIONS = YES;
				CLANG_WARN_DIRECT_OBJC_ISA_USAGE = YES_ERROR;
				CLANG_WARN_DOCUMENTATION_COMMENTS = YES;
				CLANG_WARN_EMPTY_BODY = YES;
				CLANG_WARN_ENUM_CONVERSION = YES;
				CLANG_WARN_INFINITE_RECURSION = YES;
				CLANG_WARN_INT_CONVERSION = YES;
				CLANG_WARN_NON_LITERAL_NULL_CONVERSION = YES;
				CLANG_WARN_OBJC_IMPLICIT_RETAIN_SELF = YES;
				CLANG_WARN_OBJC_LITERAL_CONVERSION = YES;
				CLANG_WARN_OBJC_ROOT_CLASS = YES_ERROR;
				CLANG_WARN_QUOTED_INCLUDE_IN_FRAMEWORK_HEADER = YES;
				CLANG_WARN_RANGE_LOOP_ANALYSIS = YES;
				CLANG_WARN_STRICT_PROTOTYPES = YES;
				CLANG_WARN_SUSPICIOUS_MOVE = YES;
				CLANG_WARN_UNGUARDED_AVAILABILITY = YES_AGGRESSIVE;
				CLANG_WARN_UNREACHABLE_CODE = YES;
				CLANG_WARN__DUPLICATE_METHOD_MATCH = YES;
				COPY_PHASE_STRIP = NO;
				DEBUG_INFORMATION_FORMAT = "dwarf-with-dsym";
				ENABLE_NS_ASSERTIONS = NO;
				ENABLE_STRICT_OBJC_MSGSEND = YES;
				ENABLE_USER_SCRIPT_SANDBOXING = YES;
				GCC_C_LANGUAGE_STANDARD = gnu17;
				GCC_NO_COMMON_BLOCKS = YES;
				GCC_WARN_64_TO_32_BIT_CONVERSION = YES;
				GCC_WARN_ABOUT_RETURN_TYPE = YES_ERROR;
				GCC_WARN_UNDECLARED_SELECTOR = YES;
				GCC_WARN_UNINITIALIZED_AUTOS = YES_AGGRESSIVE;
				GCC_WARN_UNUSED_FUNCTION = YES;
				GCC_WARN_UNUSED_VARIABLE = YES;
				IPHONEOS_DEPLOYMENT_TARGET = 17.0;
				LOCALIZATION_PREFERS_STRING_CATALOGS = YES;
				MTL_ENABLE_DEBUG_INFO = NO;
				MTL_FAST_MATH = YES;
				SDKROOT = iphoneos;
				SWIFT_COMPILATION_MODE = wholemodule;
				VALIDATE_PRODUCT = YES;
			};
			name = Release;
		};
		BA51E41A2AD8DE8C00BBB788 /* Debug */ = {
			isa = XCBuildConfiguration;
			buildSettings = {
				ASSETCATALOG_COMPILER_APPICON_NAME = AppIcon;
				ASSETCATALOG_COMPILER_GLOBAL_ACCENT_COLOR_NAME = AccentColor;
				CODE_SIGN_STYLE = Automatic;
				CURRENT_PROJECT_VERSION = 1;
				DEVELOPMENT_ASSET_PATHS = "\"Muun/Preview Content\"";
				DEVELOPMENT_TEAM = 8W787W3FG5;
				ENABLE_PREVIEWS = YES;
				GENERATE_INFOPLIST_FILE = YES;
				INFOPLIST_KEY_UIApplicationSceneManifest_Generation = YES;
				INFOPLIST_KEY_UIApplicationSupportsIndirectInputEvents = YES;
				INFOPLIST_KEY_UILaunchScreen_Generation = YES;
				INFOPLIST_KEY_UISupportedInterfaceOrientations_iPad = "UIInterfaceOrientationPortrait UIInterfaceOrientationPortraitUpsideDown UIInterfaceOrientationLandscapeLeft UIInterfaceOrientationLandscapeRight";
				INFOPLIST_KEY_UISupportedInterfaceOrientations_iPhone = "UIInterfaceOrientationPortrait UIInterfaceOrientationLandscapeLeft UIInterfaceOrientationLandscapeRight";
				LD_RUNPATH_SEARCH_PATHS = (
					"$(inherited)",
					"@executable_path/Frameworks",
				);
				MARKETING_VERSION = 1.0;
				PRODUCT_BUNDLE_IDENTIFIER = Udlap.Muun;
				PRODUCT_NAME = "$(TARGET_NAME)";
				SWIFT_EMIT_LOC_STRINGS = YES;
				SWIFT_VERSION = 5.0;
				TARGETED_DEVICE_FAMILY = "1,2";
			};
			name = Debug;
		};
		BA51E41B2AD8DE8C00BBB788 /* Release */ = {
			isa = XCBuildConfiguration;
			buildSettings = {
				ASSETCATALOG_COMPILER_APPICON_NAME = AppIcon;
				ASSETCATALOG_COMPILER_GLOBAL_ACCENT_COLOR_NAME = AccentColor;
				CODE_SIGN_STYLE = Automatic;
				CURRENT_PROJECT_VERSION = 1;
				DEVELOPMENT_ASSET_PATHS = "\"Muun/Preview Content\"";
				DEVELOPMENT_TEAM = 8W787W3FG5;
				ENABLE_PREVIEWS = YES;
				GENERATE_INFOPLIST_FILE = YES;
				INFOPLIST_KEY_UIApplicationSceneManifest_Generation = YES;
				INFOPLIST_KEY_UIApplicationSupportsIndirectInputEvents = YES;
				INFOPLIST_KEY_UILaunchScreen_Generation = YES;
				INFOPLIST_KEY_UISupportedInterfaceOrientations_iPad = "UIInterfaceOrientationPortrait UIInterfaceOrientationPortraitUpsideDown UIInterfaceOrientationLandscapeLeft UIInterfaceOrientationLandscapeRight";
				INFOPLIST_KEY_UISupportedInterfaceOrientations_iPhone = "UIInterfaceOrientationPortrait UIInterfaceOrientationLandscapeLeft UIInterfaceOrientationLandscapeRight";
				LD_RUNPATH_SEARCH_PATHS = (
					"$(inherited)",
					"@executable_path/Frameworks",
				);
				MARKETING_VERSION = 1.0;
				PRODUCT_BUNDLE_IDENTIFIER = Udlap.Muun;
				PRODUCT_NAME = "$(TARGET_NAME)";
				SWIFT_EMIT_LOC_STRINGS = YES;
				SWIFT_VERSION = 5.0;
				TARGETED_DEVICE_FAMILY = "1,2";
			};
			name = Release;
		};
/* End XCBuildConfiguration section */

/* Begin XCConfigurationList section */
		BA51E4062AD8DE8B00BBB788 /* Build configuration list for PBXProject "Muun" */ = {
			isa = XCConfigurationList;
			buildConfigurations = (
				BA51E4172AD8DE8C00BBB788 /* Debug */,
				BA51E4182AD8DE8C00BBB788 /* Release */,
			);
			defaultConfigurationIsVisible = 0;
			defaultConfigurationName = Release;
		};
		BA51E4192AD8DE8C00BBB788 /* Build configuration list for PBXNativeTarget "Muun" */ = {
			isa = XCConfigurationList;
			buildConfigurations = (
				BA51E41A2AD8DE8C00BBB788 /* Debug */,
				BA51E41B2AD8DE8C00BBB788 /* Release */,
			);
			defaultConfigurationIsVisible = 0;
			defaultConfigurationName = Release;
		};
/* End XCConfigurationList section */
	};
	rootObject = BA51E4032AD8DE8B00BBB788 /* Project object */;
}
